--- 
hash: 2ce76a997177c04b0ec2eb3626a06f3969d78a53
sources: 
- Git: 
    git: git://github.com/plataformatec/devise.git
    uri: git://github.com/plataformatec/devise.git
    ref: 0150fddb4c062050a483b855a138ad3fa816db38
- Git: 
    git: git://github.com/rails/rails.git
    uri: git://github.com/rails/rails.git
    ref: c0db7840fe6dfd9aef8120b24e05f7e6f400d382
- Rubygems: 
    uri: http://gemcutter.org
specs: 
- rake: 
    version: 0.8.7
- abstract: 
    version: 1.0.0
- builder: 
    version: 2.1.2
- i18n: 
    version: 0.4.0.beta1
- memcache-client: 
    version: 1.8.3
- tzinfo: 
    version: 0.3.20
- activesupport: 
    version: 3.0.0.beta3
    source: 1
- activemodel: 
    version: 3.0.0.beta3
    source: 1
- erubis: 
    version: 2.6.5
- rack: 
    version: 1.1.0
- rack-mount: 
    version: 0.6.3
- rack-test: 
    version: 0.5.3
- actionpack: 
    version: 3.0.0.beta3
    source: 1
- mime-types: 
    version: "1.16"
- polyglot: 
    version: 0.3.1
- treetop: 
    version: 1.4.5
- mail: 
    version: 2.2.1
- text-hyphen: 
    version: 1.0.0
- text-format: 
    version: 1.0.0
- actionmailer: 
    version: 3.0.0.beta3
    source: 1
- arel: 
    version: 0.3.3
- activerecord: 
    version: 3.0.0.beta3
    source: 1
- activeresource: 
    version: 3.0.0.beta3
    source: 1
- bson: 
    version: 0.20.1
- bson_ext: 
    version: 0.20.1
- bundler: 
    version: 0.9.25
- culerity: 
    version: 0.2.10
- nokogiri: 
    version: 1.4.1
- ffi: 
    version: 0.6.3
- json_pure: 
    version: 1.4.3
- selenium-webdriver: 
    version: 0.0.18
- capybara: 
    version: 0.3.8
- configuration: 
    version: 1.1.0
- diff-lcs: 
    version: 1.1.2
- trollop: 
    version: 1.16.2
- gherkin: 
    version: 1.0.30
- term-ansicolor: 
    version: 1.0.5
- cucumber: 
    version: 0.7.2
- cucumber-rails: 
    version: 0.3.1
- database_cleaner: 
    version: 0.5.2
- warden: 
    version: 0.10.3
- devise: 
    version: 1.1.rc1
    source: 0
- faker: 
    version: 0.3.1
- launchy: 
    version: 0.3.5
- machinist: 
    version: 1.0.6
- machinist_mongo: 
    version: 1.1.0
- mongo: 
    version: 0.20.1
- will_paginate: 
    version: 3.0.pre
- mongoid: 
    version: 2.0.0.beta4
- thor: 
    version: 0.13.6
- railties: 
    version: 3.0.0.beta3
    source: 1
- rails: 
    version: 3.0.0.beta3
    source: 1
- rspec-core: 
    version: 2.0.0.beta.8
- rspec-expectations: 
    version: 2.0.0.beta.8
- rspec-mocks: 
    version: 2.0.0.beta.8
- rspec: 
    version: 2.0.0.beta.8
- webrat: 
    version: 0.7.1
- rspec-rails: 
    version: 2.0.0.beta.8
- spork: 
    version: 0.8.3
dependencies: 
  rails: 
    version: ">= 0"
    group: 
    - :default
  mongoid: 
    version: = 2.0.0.beta4
    group: 
    - :default
  bson_ext: 
    version: = 0.20.1
    group: 
    - :default
  devise: 
    version: ">= 0"
    group: 
    - :default
  warden: 
    version: = 0.10.3
    group: 
    - :default
  capybara: 
    version: ">= 0"
    group: 
    - :test
  database_cleaner: 
    version: ">= 0"
    group: 
    - :test
  cucumber-rails: 
    version: ">= 0"
    group: 
    - :test
  cucumber: 
    version: = 0.7.2
    group: 
    - :test
  rspec-rails: 
    version: = 2.0.0.beta.8
    group: 
    - :test
  spork: 
    version: ">= 0"
    group: 
    - :test
  launchy: 
    version: ">= 0"
    group: 
    - :test
  machinist_mongo: 
    version: ">= 0"
    group: 
    - :test
  faker: 
    version: ">= 0"
    group: 
    - :test
